
Microsoft Visual Studio Solution File, Format Version 12.00
# Visual Studio Version 16
VisualStudioVersion = 16.0.31402.337
MinimumVisualStudioVersion = 10.0.40219.1
Project("{FAE04EC0-301F-11D3-BF4B-00C04F79EFBC}") = "somaAlgarismo", "somaAlgarismo\somaAlgarismo.csproj", "{B788DB46-338F-4830-8F14-9E3165D62DF4}"
EndProject
Global
	GlobalSection(SolutionConfigurationPlatforms) = preSolution
		Debug|Any CPU = Debug|Any CPU
		Release|Any CPU = Release|Any CPU
	EndGlobalSection
	GlobalSection(ProjectConfigurationPlatforms) = postSolution
		{B788DB46-338F-4830-8F14-9E3165D62DF4}.Debug|Any CPU.ActiveCfg = Debug|Any CPU
		{B788DB46-338F-4830-8F14-9E3165D62DF4}.Debug|Any CPU.Build.0 = Debug|Any CPU
		{B788DB46-338F-4830-8F14-9E3165D62DF4}.Release|Any CPU.ActiveCfg = Release|Any CPU
		{B788DB46-338F-4830-8F14-9E3165D62DF4}.Release|Any CPU.Build.0 = Release|Any CPU
	EndGlobalSection
	GlobalSection(SolutionProperties) = preSolution
		HideSolutionNode = FALSE
	EndGlobalSection
	GlobalSection(ExtensibilityGlobals) = postSolution
		SolutionGuid = {4FA7EA45-BC3A-482C-9390-D212FC20110B}
	EndGlobalSection
EndGlobal
